<Solution>
  <Folder Name="/tests/">
    <Project Path="tests/gateway.functional.tests/gateway.functional.tests.csproj" />
    <Project Path="tests/menu.functional.tests/menu.functional.tests.csproj" />
  </Folder>
  <Project Path="gateway.api/gateway.api.csproj" />
  <Project Path="menu.api/menu.api.csproj" />
  <Project Path="menu.core/menu.core.csproj" />
</Solution>
